
Microsoft Visual Studio Solution File, Format Version 12.00
# Visual Studio 2012
Project("{FAE04EC0-301F-11D3-BF4B-00C04F79EFBC}") = "NeonStar", "NeonStar\NeonStar\NeonStar.csproj", "{B2B9C2B3-FFE7-4F07-863F-FA6AD2F7B599}"
EndProject
Project("{FAE04EC0-301F-11D3-BF4B-00C04F79EFBC}") = "NeonStarLibrary", "NeonStarLibrary\NeonStarLibrary.csproj", "{7302AD02-5976-449A-839C-4591921A5B72}"
EndProject
Project("{FAE04EC0-301F-11D3-BF4B-00C04F79EFBC}") = "NeonStarContent", "NeonStar\NeonStarContent\NeonStarContent.contentproj", "{5823E07A-F55F-4126-81FF-D5B2E30C447A}"
EndProject
Project("{FAE04EC0-301F-11D3-BF4B-00C04F79EFBC}") = "NeonEngine", "NeonEngine\NeonEngine.csproj", "{D168D98D-DBB1-4171-BF17-E48B82C8DC48}"
EndProject
Project("{FAE04EC0-301F-11D3-BF4B-00C04F79EFBC}") = "NeonStarEditor", "NeonStarEditor\NeonStarEditor.csproj", "{BFB764A6-328B-4D54-89D7-EAE87458901D}"
EndProject
Project("{FAE04EC0-301F-11D3-BF4B-00C04F79EFBC}") = "FarseerPhysics", "FarseerPhysics\FarseerPhysics.csproj", "{873320B4-F7C8-4CD0-BF30-2D288DB5076F}"
EndProject
Global
	GlobalSection(SolutionConfigurationPlatforms) = preSolution
		Debug|Any CPU = Debug|Any CPU
		Debug|Mixed Platforms = Debug|Mixed Platforms
		Debug|x86 = Debug|x86
		DebugAndRelease|Any CPU = DebugAndRelease|Any CPU
		DebugAndRelease|Mixed Platforms = DebugAndRelease|Mixed Platforms
		DebugAndRelease|x86 = DebugAndRelease|x86
		Release|Any CPU = Release|Any CPU
		Release|Mixed Platforms = Release|Mixed Platforms
		Release|x86 = Release|x86
	EndGlobalSection
	GlobalSection(ProjectConfigurationPlatforms) = postSolution
		{B2B9C2B3-FFE7-4F07-863F-FA6AD2F7B599}.Debug|Any CPU.ActiveCfg = Debug|x86
		{B2B9C2B3-FFE7-4F07-863F-FA6AD2F7B599}.Debug|Mixed Platforms.ActiveCfg = Debug|x86
		{B2B9C2B3-FFE7-4F07-863F-FA6AD2F7B599}.Debug|Mixed Platforms.Build.0 = Debug|x86
		{B2B9C2B3-FFE7-4F07-863F-FA6AD2F7B599}.Debug|x86.ActiveCfg = Debug|x86
		{B2B9C2B3-FFE7-4F07-863F-FA6AD2F7B599}.Debug|x86.Build.0 = Debug|x86
		{B2B9C2B3-FFE7-4F07-863F-FA6AD2F7B599}.DebugAndRelease|Any CPU.ActiveCfg = DebugAndRelease|x86
		{B2B9C2B3-FFE7-4F07-863F-FA6AD2F7B599}.DebugAndRelease|Mixed Platforms.ActiveCfg = DebugAndRelease|x86
		{B2B9C2B3-FFE7-4F07-863F-FA6AD2F7B599}.DebugAndRelease|Mixed Platforms.Build.0 = DebugAndRelease|x86
		{B2B9C2B3-FFE7-4F07-863F-FA6AD2F7B599}.DebugAndRelease|x86.ActiveCfg = DebugAndRelease|x86
		{B2B9C2B3-FFE7-4F07-863F-FA6AD2F7B599}.DebugAndRelease|x86.Build.0 = DebugAndRelease|x86
		{B2B9C2B3-FFE7-4F07-863F-FA6AD2F7B599}.Release|Any CPU.ActiveCfg = Release|x86
		{B2B9C2B3-FFE7-4F07-863F-FA6AD2F7B599}.Release|Mixed Platforms.ActiveCfg = Release|x86
		{B2B9C2B3-FFE7-4F07-863F-FA6AD2F7B599}.Release|Mixed Platforms.Build.0 = Release|x86
		{B2B9C2B3-FFE7-4F07-863F-FA6AD2F7B599}.Release|x86.ActiveCfg = Release|x86
		{B2B9C2B3-FFE7-4F07-863F-FA6AD2F7B599}.Release|x86.Build.0 = Release|x86
		{7302AD02-5976-449A-839C-4591921A5B72}.Debug|Any CPU.ActiveCfg = Debug|x86
		{7302AD02-5976-449A-839C-4591921A5B72}.Debug|Mixed Platforms.ActiveCfg = Debug|x86
		{7302AD02-5976-449A-839C-4591921A5B72}.Debug|Mixed Platforms.Build.0 = Debug|x86
		{7302AD02-5976-449A-839C-4591921A5B72}.Debug|x86.ActiveCfg = Debug|x86
		{7302AD02-5976-449A-839C-4591921A5B72}.Debug|x86.Build.0 = Debug|x86
		{7302AD02-5976-449A-839C-4591921A5B72}.DebugAndRelease|Any CPU.ActiveCfg = DebugAndRelease|x86
		{7302AD02-5976-449A-839C-4591921A5B72}.DebugAndRelease|Mixed Platforms.ActiveCfg = DebugAndRelease|x86
		{7302AD02-5976-449A-839C-4591921A5B72}.DebugAndRelease|Mixed Platforms.Build.0 = DebugAndRelease|x86
		{7302AD02-5976-449A-839C-4591921A5B72}.DebugAndRelease|x86.ActiveCfg = DebugAndRelease|x86
		{7302AD02-5976-449A-839C-4591921A5B72}.DebugAndRelease|x86.Build.0 = DebugAndRelease|x86
		{7302AD02-5976-449A-839C-4591921A5B72}.Release|Any CPU.ActiveCfg = Release|x86
		{7302AD02-5976-449A-839C-4591921A5B72}.Release|Mixed Platforms.ActiveCfg = Release|x86
		{7302AD02-5976-449A-839C-4591921A5B72}.Release|Mixed Platforms.Build.0 = Release|x86
		{7302AD02-5976-449A-839C-4591921A5B72}.Release|x86.ActiveCfg = Release|x86
		{7302AD02-5976-449A-839C-4591921A5B72}.Release|x86.Build.0 = Release|x86
		{5823E07A-F55F-4126-81FF-D5B2E30C447A}.Debug|Any CPU.ActiveCfg = Debug|x86
		{5823E07A-F55F-4126-81FF-D5B2E30C447A}.Debug|Mixed Platforms.ActiveCfg = Debug|x86
		{5823E07A-F55F-4126-81FF-D5B2E30C447A}.Debug|x86.ActiveCfg = Debug|x86
		{5823E07A-F55F-4126-81FF-D5B2E30C447A}.Debug|x86.Build.0 = Debug|x86
		{5823E07A-F55F-4126-81FF-D5B2E30C447A}.DebugAndRelease|Any CPU.ActiveCfg = Release|x86
		{5823E07A-F55F-4126-81FF-D5B2E30C447A}.DebugAndRelease|Mixed Platforms.ActiveCfg = Release|x86
		{5823E07A-F55F-4126-81FF-D5B2E30C447A}.DebugAndRelease|x86.ActiveCfg = Release|x86
		{5823E07A-F55F-4126-81FF-D5B2E30C447A}.Release|Any CPU.ActiveCfg = Release|x86
		{5823E07A-F55F-4126-81FF-D5B2E30C447A}.Release|Mixed Platforms.ActiveCfg = Release|x86
		{5823E07A-F55F-4126-81FF-D5B2E30C447A}.Release|x86.ActiveCfg = Release|x86
		{D168D98D-DBB1-4171-BF17-E48B82C8DC48}.Debug|Any CPU.ActiveCfg = Debug|x86
		{D168D98D-DBB1-4171-BF17-E48B82C8DC48}.Debug|Mixed Platforms.ActiveCfg = Debug|x86
		{D168D98D-DBB1-4171-BF17-E48B82C8DC48}.Debug|Mixed Platforms.Build.0 = Debug|x86
		{D168D98D-DBB1-4171-BF17-E48B82C8DC48}.Debug|x86.ActiveCfg = Debug|x86
		{D168D98D-DBB1-4171-BF17-E48B82C8DC48}.Debug|x86.Build.0 = Debug|x86
		{D168D98D-DBB1-4171-BF17-E48B82C8DC48}.DebugAndRelease|Any CPU.ActiveCfg = DebugAndRelease|x86
		{D168D98D-DBB1-4171-BF17-E48B82C8DC48}.DebugAndRelease|Mixed Platforms.ActiveCfg = DebugAndRelease|x86
		{D168D98D-DBB1-4171-BF17-E48B82C8DC48}.DebugAndRelease|Mixed Platforms.Build.0 = DebugAndRelease|x86
		{D168D98D-DBB1-4171-BF17-E48B82C8DC48}.DebugAndRelease|x86.ActiveCfg = DebugAndRelease|x86
		{D168D98D-DBB1-4171-BF17-E48B82C8DC48}.DebugAndRelease|x86.Build.0 = DebugAndRelease|x86
		{D168D98D-DBB1-4171-BF17-E48B82C8DC48}.Release|Any CPU.ActiveCfg = Release|x86
		{D168D98D-DBB1-4171-BF17-E48B82C8DC48}.Release|Mixed Platforms.ActiveCfg = Release|x86
		{D168D98D-DBB1-4171-BF17-E48B82C8DC48}.Release|Mixed Platforms.Build.0 = Release|x86
		{D168D98D-DBB1-4171-BF17-E48B82C8DC48}.Release|x86.ActiveCfg = Release|x86
		{D168D98D-DBB1-4171-BF17-E48B82C8DC48}.Release|x86.Build.0 = Release|x86
		{BFB764A6-328B-4D54-89D7-EAE87458901D}.Debug|Any CPU.ActiveCfg = Debug|x86
		{BFB764A6-328B-4D54-89D7-EAE87458901D}.Debug|Mixed Platforms.ActiveCfg = Debug|x86
		{BFB764A6-328B-4D54-89D7-EAE87458901D}.Debug|Mixed Platforms.Build.0 = Debug|x86
		{BFB764A6-328B-4D54-89D7-EAE87458901D}.Debug|x86.ActiveCfg = Debug|x86
		{BFB764A6-328B-4D54-89D7-EAE87458901D}.Debug|x86.Build.0 = Debug|x86
		{BFB764A6-328B-4D54-89D7-EAE87458901D}.DebugAndRelease|Any CPU.ActiveCfg = DebugAndRelease|x86
		{BFB764A6-328B-4D54-89D7-EAE87458901D}.DebugAndRelease|Mixed Platforms.ActiveCfg = DebugAndRelease|x86
		{BFB764A6-328B-4D54-89D7-EAE87458901D}.DebugAndRelease|Mixed Platforms.Build.0 = DebugAndRelease|x86
		{BFB764A6-328B-4D54-89D7-EAE87458901D}.DebugAndRelease|x86.ActiveCfg = DebugAndRelease|x86
		{BFB764A6-328B-4D54-89D7-EAE87458901D}.DebugAndRelease|x86.Build.0 = DebugAndRelease|x86
		{BFB764A6-328B-4D54-89D7-EAE87458901D}.Release|Any CPU.ActiveCfg = Release|x86
		{BFB764A6-328B-4D54-89D7-EAE87458901D}.Release|Mixed Platforms.ActiveCfg = Release|x86
		{BFB764A6-328B-4D54-89D7-EAE87458901D}.Release|Mixed Platforms.Build.0 = Release|x86
		{BFB764A6-328B-4D54-89D7-EAE87458901D}.Release|x86.ActiveCfg = Release|x86
		{BFB764A6-328B-4D54-89D7-EAE87458901D}.Release|x86.Build.0 = Release|x86
		{873320B4-F7C8-4CD0-BF30-2D288DB5076F}.Debug|Any CPU.ActiveCfg = Debug|x86
		{873320B4-F7C8-4CD0-BF30-2D288DB5076F}.Debug|Mixed Platforms.ActiveCfg = Debug|x86
		{873320B4-F7C8-4CD0-BF30-2D288DB5076F}.Debug|Mixed Platforms.Build.0 = Debug|x86
		{873320B4-F7C8-4CD0-BF30-2D288DB5076F}.Debug|x86.ActiveCfg = Debug|x86
		{873320B4-F7C8-4CD0-BF30-2D288DB5076F}.Debug|x86.Build.0 = Debug|x86
		{873320B4-F7C8-4CD0-BF30-2D288DB5076F}.DebugAndRelease|Any CPU.ActiveCfg = Release|x86
		{873320B4-F7C8-4CD0-BF30-2D288DB5076F}.DebugAndRelease|Mixed Platforms.ActiveCfg = Release|x86
		{873320B4-F7C8-4CD0-BF30-2D288DB5076F}.DebugAndRelease|Mixed Platforms.Build.0 = Release|x86
		{873320B4-F7C8-4CD0-BF30-2D288DB5076F}.DebugAndRelease|x86.ActiveCfg = Release|x86
		{873320B4-F7C8-4CD0-BF30-2D288DB5076F}.DebugAndRelease|x86.Build.0 = Release|x86
		{873320B4-F7C8-4CD0-BF30-2D288DB5076F}.Release|Any CPU.ActiveCfg = Release|x86
		{873320B4-F7C8-4CD0-BF30-2D288DB5076F}.Release|Mixed Platforms.ActiveCfg = Release|x86
		{873320B4-F7C8-4CD0-BF30-2D288DB5076F}.Release|Mixed Platforms.Build.0 = Release|x86
		{873320B4-F7C8-4CD0-BF30-2D288DB5076F}.Release|x86.ActiveCfg = Release|x86
		{873320B4-F7C8-4CD0-BF30-2D288DB5076F}.Release|x86.Build.0 = Release|x86
	EndGlobalSection
	GlobalSection(SolutionProperties) = preSolution
		HideSolutionNode = FALSE
	EndGlobalSection
EndGlobal
