
Microsoft Visual Studio Solution File, Format Version 12.00
# Visual Studio 2012
Project("{FAE04EC0-301F-11D3-BF4B-00C04F79EFBC}") = "NeonEngineContent", "NeonEngineContent\NeonEngineContent.contentproj", "{5823E07A-F55F-4126-81FF-D5B2E30C447A}"
EndProject
Project("{FAE04EC0-301F-11D3-BF4B-00C04F79EFBC}") = "NeonEngine", "NeonEngine\NeonEngine.csproj", "{D168D98D-DBB1-4171-BF17-E48B82C8DC48}"
EndProject
Global
	GlobalSection(SolutionConfigurationPlatforms) = preSolution
		Debug|Any CPU = Debug|Any CPU
		Debug|Mixed Platforms = Debug|Mixed Platforms
		Debug|x86 = Debug|x86
		DebugAndRelease|Any CPU = DebugAndRelease|Any CPU
		DebugAndRelease|Mixed Platforms = DebugAndRelease|Mixed Platforms
		DebugAndRelease|x86 = DebugAndRelease|x86
		Release|Any CPU = Release|Any CPU
		Release|Mixed Platforms = Release|Mixed Platforms
		Release|x86 = Release|x86
	EndGlobalSection
	GlobalSection(ProjectConfigurationPlatforms) = postSolution
		{5823E07A-F55F-4126-81FF-D5B2E30C447A}.Debug|Any CPU.ActiveCfg = Debug|x86
		{5823E07A-F55F-4126-81FF-D5B2E30C447A}.Debug|Mixed Platforms.ActiveCfg = Debug|x86
		{5823E07A-F55F-4126-81FF-D5B2E30C447A}.Debug|x86.ActiveCfg = Debug|x86
		{5823E07A-F55F-4126-81FF-D5B2E30C447A}.DebugAndRelease|Any CPU.ActiveCfg = Release|x86
		{5823E07A-F55F-4126-81FF-D5B2E30C447A}.DebugAndRelease|Mixed Platforms.ActiveCfg = Release|x86
		{5823E07A-F55F-4126-81FF-D5B2E30C447A}.DebugAndRelease|x86.ActiveCfg = Release|x86
		{5823E07A-F55F-4126-81FF-D5B2E30C447A}.Release|Any CPU.ActiveCfg = Release|x86
		{5823E07A-F55F-4126-81FF-D5B2E30C447A}.Release|Mixed Platforms.ActiveCfg = Release|x86
		{5823E07A-F55F-4126-81FF-D5B2E30C447A}.Release|x86.ActiveCfg = Release|x86
		{D168D98D-DBB1-4171-BF17-E48B82C8DC48}.Debug|Any CPU.ActiveCfg = Debug|x86
		{D168D98D-DBB1-4171-BF17-E48B82C8DC48}.Debug|Mixed Platforms.ActiveCfg = Debug|x86
		{D168D98D-DBB1-4171-BF17-E48B82C8DC48}.Debug|Mixed Platforms.Build.0 = Debug|x86
		{D168D98D-DBB1-4171-BF17-E48B82C8DC48}.Debug|x86.ActiveCfg = Debug|x86
		{D168D98D-DBB1-4171-BF17-E48B82C8DC48}.Debug|x86.Build.0 = Debug|x86
		{D168D98D-DBB1-4171-BF17-E48B82C8DC48}.DebugAndRelease|Any CPU.ActiveCfg = DebugAndRelease|x86
		{D168D98D-DBB1-4171-BF17-E48B82C8DC48}.DebugAndRelease|Mixed Platforms.ActiveCfg = DebugAndRelease|x86
		{D168D98D-DBB1-4171-BF17-E48B82C8DC48}.DebugAndRelease|Mixed Platforms.Build.0 = DebugAndRelease|x86
		{D168D98D-DBB1-4171-BF17-E48B82C8DC48}.DebugAndRelease|x86.ActiveCfg = DebugAndRelease|x86
		{D168D98D-DBB1-4171-BF17-E48B82C8DC48}.DebugAndRelease|x86.Build.0 = DebugAndRelease|x86
		{D168D98D-DBB1-4171-BF17-E48B82C8DC48}.Release|Any CPU.ActiveCfg = Release|x86
		{D168D98D-DBB1-4171-BF17-E48B82C8DC48}.Release|Mixed Platforms.ActiveCfg = Release|x86
		{D168D98D-DBB1-4171-BF17-E48B82C8DC48}.Release|Mixed Platforms.Build.0 = Release|x86
		{D168D98D-DBB1-4171-BF17-E48B82C8DC48}.Release|x86.ActiveCfg = Release|x86
		{D168D98D-DBB1-4171-BF17-E48B82C8DC48}.Release|x86.Build.0 = Release|x86
	EndGlobalSection
	GlobalSection(SolutionProperties) = preSolution
		HideSolutionNode = FALSE
	EndGlobalSection
EndGlobal
